// !$*UTF8*$!
{
	archiveVersion = 1;
	classes = {
	};
	objectVersion = 50;
	objects = {

/* Begin PBXBuildFile section */
		569608FF2159C65E00BDCFB9 /* DFS.cpp in Sources */ = {isa = PBXBuildFile; fileRef = 569608FD2159C65E00BDCFB9 /* DFS.cpp */; };
		56B318C1214878C500744279 /* main.cpp in Sources */ = {isa = PBXBuildFile; fileRef = 56B318C0214878C500744279 /* main.cpp */; };
		56B318CF21487A7E00744279 /* Sort.cpp in Sources */ = {isa = PBXBuildFile; fileRef = 56B318CD21487A7E00744279 /* Sort.cpp */; };
		56B318D221487CDF00744279 /* Search.cpp in Sources */ = {isa = PBXBuildFile; fileRef = 56B318D021487CDF00744279 /* Search.cpp */; };
/* End PBXBuildFile section */

/* Begin PBXCopyFilesBuildPhase section */
		56B318BB214878C500744279 /* CopyFiles */ = {
			isa = PBXCopyFilesBuildPhase;
			buildActionMask = 2147483647;
			dstPath = /usr/share/man/man1/;
			dstSubfolderSpec = 0;
			files = (
			);
			runOnlyForDeploymentPostprocessing = 1;
		};
/* End PBXCopyFilesBuildPhase section */

/* Begin PBXFileReference section */
		5686A9EF214AB68D0047D0B7 /* SearchAlgo.h */ = {isa = PBXFileReference; lastKnownFileType = sourcecode.c.h; path = SearchAlgo.h; sourceTree = "<group>"; };
		569608FD2159C65E00BDCFB9 /* DFS.cpp */ = {isa = PBXFileReference; lastKnownFileType = sourcecode.cpp.cpp; path = DFS.cpp; sourceTree = "<group>"; };
		569608FE2159C65E00BDCFB9 /* DFS.hpp */ = {isa = PBXFileReference; lastKnownFileType = sourcecode.cpp.h; path = DFS.hpp; sourceTree = "<group>"; };
		56B318BD214878C500744279 /* Lab2 */ = {isa = PBXFileReference; explicitFileType = "compiled.mach-o.executable"; includeInIndex = 0; path = Lab2; sourceTree = BUILT_PRODUCTS_DIR; };
		56B318C0214878C500744279 /* main.cpp */ = {isa = PBXFileReference; lastKnownFileType = sourcecode.cpp.cpp; path = main.cpp; sourceTree = "<group>"; };
		56B318C72148792500744279 /* Algorithm.h */ = {isa = PBXFileReference; lastKnownFileType = sourcecode.c.h; path = Algorithm.h; sourceTree = "<group>"; };
		56B318C82148798200744279 /* SortingAlgo.h */ = {isa = PBXFileReference; lastKnownFileType = sourcecode.c.h; path = SortingAlgo.h; sourceTree = "<group>"; };
		56B318C9214879A000744279 /* Bubble.h */ = {isa = PBXFileReference; lastKnownFileType = sourcecode.c.h; path = Bubble.h; sourceTree = "<group>"; };
		56B318CA214879CF00744279 /* GenerateData.h */ = {isa = PBXFileReference; lastKnownFileType = sourcecode.c.h; path = GenerateData.h; sourceTree = "<group>"; };
		56B318CB214879F200744279 /* Insertion.h */ = {isa = PBXFileReference; lastKnownFileType = sourcecode.c.h; path = Insertion.h; sourceTree = "<group>"; };
		56B318CC21487A4A00744279 /* Merge.h */ = {isa = PBXFileReference; lastKnownFileType = sourcecode.c.h; path = Merge.h; sourceTree = "<group>"; };
		56B318CD21487A7E00744279 /* Sort.cpp */ = {isa = PBXFileReference; lastKnownFileType = sourcecode.cpp.cpp; path = Sort.cpp; sourceTree = "<group>"; };
		56B318CE21487A7E00744279 /* Sort.hpp */ = {isa = PBXFileReference; lastKnownFileType = sourcecode.cpp.h; path = Sort.hpp; sourceTree = "<group>"; };
		56B318D021487CDF00744279 /* Search.cpp */ = {isa = PBXFileReference; lastKnownFileType = sourcecode.cpp.cpp; path = Search.cpp; sourceTree = "<group>"; };
		56B318D121487CDF00744279 /* Search.hpp */ = {isa = PBXFileReference; lastKnownFileType = sourcecode.cpp.h; path = Search.hpp; sourceTree = "<group>"; };
/* End PBXFileReference section */

/* Begin PBXFrameworksBuildPhase section */
		56B318BA214878C500744279 /* Frameworks */ = {
			isa = PBXFrameworksBuildPhase;
			buildActionMask = 2147483647;
			files = (
			);
			runOnlyForDeploymentPostprocessing = 0;
		};
/* End PBXFrameworksBuildPhase section */

/* Begin PBXGroup section */
		56B318B4214878C500744279 = {
			isa = PBXGroup;
			children = (
				56B318BF214878C500744279 /* Lab2 */,
				56B318BE214878C500744279 /* Products */,
			);
			sourceTree = "<group>";
		};
		56B318BE214878C500744279 /* Products */ = {
			isa = PBXGroup;
			children = (
				56B318BD214878C500744279 /* Lab2 */,
			);
			name = Products;
			sourceTree = "<group>";
		};
		56B318BF214878C500744279 /* Lab2 */ = {
			isa = PBXGroup;
			children = (
				56B318C0214878C500744279 /* main.cpp */,
				56B318C72148792500744279 /* Algorithm.h */,
				56B318C82148798200744279 /* SortingAlgo.h */,
				56B318C9214879A000744279 /* Bubble.h */,
				56B318CA214879CF00744279 /* GenerateData.h */,
				56B318CB214879F200744279 /* Insertion.h */,
				56B318CC21487A4A00744279 /* Merge.h */,
				56B318CD21487A7E00744279 /* Sort.cpp */,
				56B318CE21487A7E00744279 /* Sort.hpp */,
				56B318D021487CDF00744279 /* Search.cpp */,
				56B318D121487CDF00744279 /* Search.hpp */,
				5686A9EF214AB68D0047D0B7 /* SearchAlgo.h */,
				569608FD2159C65E00BDCFB9 /* DFS.cpp */,
				569608FE2159C65E00BDCFB9 /* DFS.hpp */,
			);
			path = Lab2;
			sourceTree = "<group>";
		};
/* End PBXGroup section */

/* Begin PBXNativeTarget section */
		56B318BC214878C500744279 /* Lab2 */ = {
			isa = PBXNativeTarget;
			buildConfigurationList = 56B318C4214878C500744279 /* Build configuration list for PBXNativeTarget "Lab2" */;
			buildPhases = (
				56B318B9214878C500744279 /* Sources */,
				56B318BA214878C500744279 /* Frameworks */,
				56B318BB214878C500744279 /* CopyFiles */,
			);
			buildRules = (
			);
			dependencies = (
			);
			name = Lab2;
			productName = Lab2;
			productReference = 56B318BD214878C500744279 /* Lab2 */;
			productType = "com.apple.product-type.tool";
		};
/* End PBXNativeTarget section */

/* Begin PBXProject section */
		56B318B5214878C500744279 /* Project object */ = {
			isa = PBXProject;
			attributes = {
				LastUpgradeCheck = 0940;
				ORGANIZATIONNAME = "Braden Wallace";
				TargetAttributes = {
					56B318BC214878C500744279 = {
						CreatedOnToolsVersion = 9.4.1;
					};
				};
			};
			buildConfigurationList = 56B318B8214878C500744279 /* Build configuration list for PBXProject "Lab2" */;
			compatibilityVersion = "Xcode 9.3";
			developmentRegion = en;
			hasScannedForEncodings = 0;
			knownRegions = (
				en,
			);
			mainGroup = 56B318B4214878C500744279;
			productRefGroup = 56B318BE214878C500744279 /* Products */;
			projectDirPath = "";
			projectRoot = "";
			targets = (
				56B318BC214878C500744279 /* Lab2 */,
			);
		};
/* End PBXProject section */

/* Begin PBXSourcesBuildPhase section */
		56B318B9214878C500744279 /* Sources */ = {
			isa = PBXSourcesBuildPhase;
			buildActionMask = 2147483647;
			files = (
				56B318C1214878C500744279 /* main.cpp in Sources */,
				569608FF2159C65E00BDCFB9 /* DFS.cpp in Sources */,
				56B318D221487CDF00744279 /* Search.cpp in Sources */,
				56B318CF21487A7E00744279 /* Sort.cpp in Sources */,
			);
			runOnlyForDeploymentPostprocessing = 0;
		};
/* End PBXSourcesBuildPhase section */

/* Begin XCBuildConfiguration section */
		56B318C2214878C500744279 /* Debug */ = {
			isa = XCBuildConfiguration;
			buildSettings = {
				ALWAYS_SEARCH_USER_PATHS = NO;
				CLANG_ANALYZER_NONNULL = YES;
				CLANG_ANALYZER_NUMBER_OBJECT_CONVERSION = YES_AGGRESSIVE;
				CLANG_CXX_LANGUAGE_STANDARD = "gnu++14";
				CLANG_CXX_LIBRARY = "libc++";
				CLANG_ENABLE_MODULES = YES;
				CLANG_ENABLE_OBJC_ARC = YES;
				CLANG_ENABLE_OBJC_WEAK = YES;
				CLANG_WARN_BLOCK_CAPTURE_AUTORELEASING = YES;
				CLANG_WARN_BOOL_CONVERSION = YES;
				CLANG_WARN_COMMA = YES;
				CLANG_WARN_CONSTANT_CONVERSION = YES;
				CLANG_WARN_DEPRECATED_OBJC_IMPLEMENTATIONS = YES;
				CLANG_WARN_DIRECT_OBJC_ISA_USAGE = YES_ERROR;
				CLANG_WARN_DOCUMENTATION_COMMENTS = YES;
				CLANG_WARN_EMPTY_BODY = YES;
				CLANG_WARN_ENUM_CONVERSION = YES;
				CLANG_WARN_INFINITE_RECURSION = YES;
				CLANG_WARN_INT_CONVERSION = YES;
				CLANG_WARN_NON_LITERAL_NULL_CONVERSION = YES;
				CLANG_WARN_OBJC_IMPLICIT_RETAIN_SELF = YES;
				CLANG_WARN_OBJC_LITERAL_CONVERSION = YES;
				CLANG_WARN_OBJC_ROOT_CLASS = YES_ERROR;
				CLANG_WARN_RANGE_LOOP_ANALYSIS = YES;
				CLANG_WARN_STRICT_PROTOTYPES = YES;
				CLANG_WARN_SUSPICIOUS_MOVE = YES;
				CLANG_WARN_UNGUARDED_AVAILABILITY = YES_AGGRESSIVE;
				CLANG_WARN_UNREACHABLE_CODE = YES;
				CLANG_WARN__DUPLICATE_METHOD_MATCH = YES;
				CODE_SIGN_IDENTITY = "-";
				COPY_PHASE_STRIP = NO;
				DEBUG_INFORMATION_FORMAT = dwarf;
				ENABLE_STRICT_OBJC_MSGSEND = YES;
				ENABLE_TESTABILITY = YES;
				GCC_C_LANGUAGE_STANDARD = gnu11;
				GCC_DYNAMIC_NO_PIC = NO;
				GCC_NO_COMMON_BLOCKS = YES;
				GCC_OPTIMIZATION_LEVEL = 0;
				GCC_PREPROCESSOR_DEFINITIONS = (
					"DEBUG=1",
					"$(inherited)",
				);
				GCC_WARN_64_TO_32_BIT_CONVERSION = YES;
				GCC_WARN_ABOUT_RETURN_TYPE = YES_ERROR;
				GCC_WARN_UNDECLARED_SELECTOR = YES;
				GCC_WARN_UNINITIALIZED_AUTOS = YES_AGGRESSIVE;
				GCC_WARN_UNUSED_FUNCTION = YES;
				GCC_WARN_UNUSED_VARIABLE = YES;
				MACOSX_DEPLOYMENT_TARGET = 10.13;
				MTL_ENABLE_DEBUG_INFO = YES;
				ONLY_ACTIVE_ARCH = YES;
				SDKROOT = macosx;
			};
			name = Debug;
		};
		56B318C3214878C500744279 /* Release */ = {
			isa = XCBuildConfiguration;
			buildSettings = {
				ALWAYS_SEARCH_USER_PATHS = NO;
				CLANG_ANALYZER_NONNULL = YES;
				CLANG_ANALYZER_NUMBER_OBJECT_CONVERSION = YES_AGGRESSIVE;
				CLANG_CXX_LANGUAGE_STANDARD = "gnu++14";
				CLANG_CXX_LIBRARY = "libc++";
				CLANG_ENABLE_MODULES = YES;
				CLANG_ENABLE_OBJC_ARC = YES;
				CLANG_ENABLE_OBJC_WEAK = YES;
				CLANG_WARN_BLOCK_CAPTURE_AUTORELEASING = YES;
				CLANG_WARN_BOOL_CONVERSION = YES;
				CLANG_WARN_COMMA = YES;
				CLANG_WARN_CONSTANT_CONVERSION = YES;
				CLANG_WARN_DEPRECATED_OBJC_IMPLEMENTATIONS = YES;
				CLANG_WARN_DIRECT_OBJC_ISA_USAGE = YES_ERROR;
				CLANG_WARN_DOCUMENTATION_COMMENTS = YES;
				CLANG_WARN_EMPTY_BODY = YES;
				CLANG_WARN_ENUM_CONVERSION = YES;
				CLANG_WARN_INFINITE_RECURSION = YES;
				CLANG_WARN_INT_CONVERSION = YES;
				CLANG_WARN_NON_LITERAL_NULL_CONVERSION = YES;
				CLANG_WARN_OBJC_IMPLICIT_RETAIN_SELF = YES;
				CLANG_WARN_OBJC_LITERAL_CONVERSION = YES;
				CLANG_WARN_OBJC_ROOT_CLASS = YES_ERROR;
				CLANG_WARN_RANGE_LOOP_ANALYSIS = YES;
				CLANG_WARN_STRICT_PROTOTYPES = YES;
				CLANG_WARN_SUSPICIOUS_MOVE = YES;
				CLANG_WARN_UNGUARDED_AVAILABILITY = YES_AGGRESSIVE;
				CLANG_WARN_UNREACHABLE_CODE = YES;
				CLANG_WARN__DUPLICATE_METHOD_MATCH = YES;
				CODE_SIGN_IDENTITY = "-";
				COPY_PHASE_STRIP = NO;
				DEBUG_INFORMATION_FORMAT = "dwarf-with-dsym";
				ENABLE_NS_ASSERTIONS = NO;
				ENABLE_STRICT_OBJC_MSGSEND = YES;
				GCC_C_LANGUAGE_STANDARD = gnu11;
				GCC_NO_COMMON_BLOCKS = YES;
				GCC_WARN_64_TO_32_BIT_CONVERSION = YES;
				GCC_WARN_ABOUT_RETURN_TYPE = YES_ERROR;
				GCC_WARN_UNDECLARED_SELECTOR = YES;
				GCC_WARN_UNINITIALIZED_AUTOS = YES_AGGRESSIVE;
				GCC_WARN_UNUSED_FUNCTION = YES;
				GCC_WARN_UNUSED_VARIABLE = YES;
				MACOSX_DEPLOYMENT_TARGET = 10.13;
				MTL_ENABLE_DEBUG_INFO = NO;
				SDKROOT = macosx;
			};
			name = Release;
		};
		56B318C5214878C500744279 /* Debug */ = {
			isa = XCBuildConfiguration;
			buildSettings = {
				CODE_SIGN_STYLE = Automatic;
				PRODUCT_NAME = "$(TARGET_NAME)";
			};
			name = Debug;
		};
		56B318C6214878C500744279 /* Release */ = {
			isa = XCBuildConfiguration;
			buildSettings = {
				CODE_SIGN_STYLE = Automatic;
				PRODUCT_NAME = "$(TARGET_NAME)";
			};
			name = Release;
		};
/* End XCBuildConfiguration section */

/* Begin XCConfigurationList section */
		56B318B8214878C500744279 /* Build configuration list for PBXProject "Lab2" */ = {
			isa = XCConfigurationList;
			buildConfigurations = (
				56B318C2214878C500744279 /* Debug */,
				56B318C3214878C500744279 /* Release */,
			);
			defaultConfigurationIsVisible = 0;
			defaultConfigurationName = Release;
		};
		56B318C4214878C500744279 /* Build configuration list for PBXNativeTarget "Lab2" */ = {
			isa = XCConfigurationList;
			buildConfigurations = (
				56B318C5214878C500744279 /* Debug */,
				56B318C6214878C500744279 /* Release */,
			);
			defaultConfigurationIsVisible = 0;
			defaultConfigurationName = Release;
		};
/* End XCConfigurationList section */
	};
	rootObject = 56B318B5214878C500744279 /* Project object */;
}
